
Microsoft Visual Studio Solution File, Format Version 12.00
# Visual Studio 15
VisualStudioVersion = 15.0.28010.2041
MinimumVisualStudioVersion = 10.0.40219.1
Project("{FAE04EC0-301F-11D3-BF4B-00C04F79EFBC}") = "Unit4HomeOffice", "Unit4HomeOffice\Unit4HomeOffice.csproj", "{AE4FAB67-210D-4825-A1DC-D57F5617DDA9}"
EndProject
Global
	GlobalSection(SolutionConfigurationPlatforms) = preSolution
		Debug|Any CPU = Debug|Any CPU
		Release|Any CPU = Release|Any CPU
	EndGlobalSection
	GlobalSection(ProjectConfigurationPlatforms) = postSolution
		{AE4FAB67-210D-4825-A1DC-D57F5617DDA9}.Debug|Any CPU.ActiveCfg = Debug|Any CPU
		{AE4FAB67-210D-4825-A1DC-D57F5617DDA9}.Debug|Any CPU.Build.0 = Debug|Any CPU
		{AE4FAB67-210D-4825-A1DC-D57F5617DDA9}.Release|Any CPU.ActiveCfg = Release|Any CPU
		{AE4FAB67-210D-4825-A1DC-D57F5617DDA9}.Release|Any CPU.Build.0 = Release|Any CPU
	EndGlobalSection
	GlobalSection(SolutionProperties) = preSolution
		HideSolutionNode = FALSE
	EndGlobalSection
	GlobalSection(ExtensibilityGlobals) = postSolution
		SolutionGuid = {D0FD4C84-3359-45C1-BC72-8AA5CC7AB275}
	EndGlobalSection
EndGlobal
